// !$*UTF8*$!
{
	archiveVersion = 1;
	classes = {
	};
	objectVersion = 50;
	objects = {

/* Begin PBXBuildFile section */
		A9715C96225F223B00560746 /* AppDelegate.swift in Sources */ = {isa = PBXBuildFile; fileRef = A9715C95225F223B00560746 /* AppDelegate.swift */; };
		A9715C98225F223B00560746 /* ViewController.swift in Sources */ = {isa = PBXBuildFile; fileRef = A9715C97225F223B00560746 /* ViewController.swift */; };
		A9715C9B225F223B00560746 /* Main.storyboard in Resources */ = {isa = PBXBuildFile; fileRef = A9715C99225F223B00560746 /* Main.storyboard */; };
		A9715C9D225F224A00560746 /* Assets.xcassets in Resources */ = {isa = PBXBuildFile; fileRef = A9715C9C225F224A00560746 /* Assets.xcassets */; };
		A9715CA0225F224A00560746 /* LaunchScreen.storyboard in Resources */ = {isa = PBXBuildFile; fileRef = A9715C9E225F224A00560746 /* LaunchScreen.storyboard */; };
		A9715CA8225F22B500560746 /* Fire.swift in Sources */ = {isa = PBXBuildFile; fileRef = A9715CA7225F22B400560746 /* Fire.swift */; };
		A9715CAA225F22C400560746 /* Conductor.swift in Sources */ = {isa = PBXBuildFile; fileRef = A9715CA9225F22C400560746 /* Conductor.swift */; };
		A9715CAC225F22D500560746 /* AudioService.swift in Sources */ = {isa = PBXBuildFile; fileRef = A9715CAB225F22D500560746 /* AudioService.swift */; };
		A9715CAE225F22E300560746 /* Scales.swift in Sources */ = {isa = PBXBuildFile; fileRef = A9715CAD225F22E300560746 /* Scales.swift */; };
		A9715CB2225F237200560746 /* AudioKitUI.framework in Frameworks */ = {isa = PBXBuildFile; fileRef = A9715CB0225F237200560746 /* AudioKitUI.framework */; };
		A9715CB3225F237200560746 /* AudioKit.framework in Frameworks */ = {isa = PBXBuildFile; fileRef = A9715CB1225F237200560746 /* AudioKit.framework */; };
		A9715CB5225F245300560746 /* 345px-Chladini2.png in Resources */ = {isa = PBXBuildFile; fileRef = A9715CB4225F245300560746 /* 345px-Chladini2.png */; };
/* End PBXBuildFile section */

/* Begin PBXFileReference section */
		A9715C92225F223B00560746 /* ChordSwiper.app */ = {isa = PBXFileReference; explicitFileType = wrapper.application; includeInIndex = 0; path = ChordSwiper.app; sourceTree = BUILT_PRODUCTS_DIR; };
		A9715C95225F223B00560746 /* AppDelegate.swift */ = {isa = PBXFileReference; lastKnownFileType = sourcecode.swift; path = AppDelegate.swift; sourceTree = "<group>"; };
		A9715C97225F223B00560746 /* ViewController.swift */ = {isa = PBXFileReference; lastKnownFileType = sourcecode.swift; path = ViewController.swift; sourceTree = "<group>"; };
		A9715C9A225F223B00560746 /* Base */ = {isa = PBXFileReference; lastKnownFileType = file.storyboard; name = Base; path = Base.lproj/Main.storyboard; sourceTree = "<group>"; };
		A9715C9C225F224A00560746 /* Assets.xcassets */ = {isa = PBXFileReference; lastKnownFileType = folder.assetcatalog; path = Assets.xcassets; sourceTree = "<group>"; };
		A9715C9F225F224A00560746 /* Base */ = {isa = PBXFileReference; lastKnownFileType = file.storyboard; name = Base; path = Base.lproj/LaunchScreen.storyboard; sourceTree = "<group>"; };
		A9715CA1225F224A00560746 /* Info.plist */ = {isa = PBXFileReference; lastKnownFileType = text.plist.xml; path = Info.plist; sourceTree = "<group>"; };
		A9715CA7225F22B400560746 /* Fire.swift */ = {isa = PBXFileReference; lastKnownFileType = sourcecode.swift; path = Fire.swift; sourceTree = "<group>"; };
		A9715CA9225F22C400560746 /* Conductor.swift */ = {isa = PBXFileReference; lastKnownFileType = sourcecode.swift; path = Conductor.swift; sourceTree = "<group>"; };
		A9715CAB225F22D500560746 /* AudioService.swift */ = {isa = PBXFileReference; lastKnownFileType = sourcecode.swift; path = AudioService.swift; sourceTree = "<group>"; };
		A9715CAD225F22E300560746 /* Scales.swift */ = {isa = PBXFileReference; lastKnownFileType = sourcecode.swift; path = Scales.swift; sourceTree = "<group>"; };
		A9715CB0225F237200560746 /* AudioKitUI.framework */ = {isa = PBXFileReference; lastKnownFileType = wrapper.framework; name = AudioKitUI.framework; path = ChordSwiper/AudioKitUI.framework; sourceTree = "<group>"; };
		A9715CB1225F237200560746 /* AudioKit.framework */ = {isa = PBXFileReference; lastKnownFileType = wrapper.framework; name = AudioKit.framework; path = ChordSwiper/AudioKit.framework; sourceTree = "<group>"; };
		A9715CB4225F245300560746 /* 345px-Chladini2.png */ = {isa = PBXFileReference; lastKnownFileType = image.png; path = "345px-Chladini2.png"; sourceTree = "<group>"; };
/* End PBXFileReference section */

/* Begin PBXFrameworksBuildPhase section */
		A9715C8F225F223B00560746 /* Frameworks */ = {
			isa = PBXFrameworksBuildPhase;
			buildActionMask = 2147483647;
			files = (
				A9715CB2225F237200560746 /* AudioKitUI.framework in Frameworks */,
				A9715CB3225F237200560746 /* AudioKit.framework in Frameworks */,
			);
			runOnlyForDeploymentPostprocessing = 0;
		};
/* End PBXFrameworksBuildPhase section */

/* Begin PBXGroup section */
		A9715C89225F223B00560746 = {
			isa = PBXGroup;
			children = (
				A9715C94225F223B00560746 /* ChordSwiper */,
				A9715C93225F223B00560746 /* Products */,
				A9715CAF225F237200560746 /* Frameworks */,
			);
			sourceTree = "<group>";
		};
		A9715C93225F223B00560746 /* Products */ = {
			isa = PBXGroup;
			children = (
				A9715C92225F223B00560746 /* ChordSwiper.app */,
			);
			name = Products;
			sourceTree = "<group>";
		};
		A9715C94225F223B00560746 /* ChordSwiper */ = {
			isa = PBXGroup;
			children = (
				A9715C95225F223B00560746 /* AppDelegate.swift */,
				A9715C97225F223B00560746 /* ViewController.swift */,
				A9715CA7225F22B400560746 /* Fire.swift */,
				A9715CB4225F245300560746 /* 345px-Chladini2.png */,
				A9715CA9225F22C400560746 /* Conductor.swift */,
				A9715CAB225F22D500560746 /* AudioService.swift */,
				A9715CAD225F22E300560746 /* Scales.swift */,
				A9715C99225F223B00560746 /* Main.storyboard */,
				A9715C9C225F224A00560746 /* Assets.xcassets */,
				A9715C9E225F224A00560746 /* LaunchScreen.storyboard */,
				A9715CA1225F224A00560746 /* Info.plist */,
			);
			path = ChordSwiper;
			sourceTree = "<group>";
		};
		A9715CAF225F237200560746 /* Frameworks */ = {
			isa = PBXGroup;
			children = (
				A9715CB1225F237200560746 /* AudioKit.framework */,
				A9715CB0225F237200560746 /* AudioKitUI.framework */,
			);
			name = Frameworks;
			sourceTree = "<group>";
		};
/* End PBXGroup section */

/* Begin PBXNativeTarget section */
		A9715C91225F223B00560746 /* ChordSwiper */ = {
			isa = PBXNativeTarget;
			buildConfigurationList = A9715CA4225F224A00560746 /* Build configuration list for PBXNativeTarget "ChordSwiper" */;
			buildPhases = (
				A9715C8E225F223B00560746 /* Sources */,
				A9715C8F225F223B00560746 /* Frameworks */,
				A9715C90225F223B00560746 /* Resources */,
			);
			buildRules = (
			);
			dependencies = (
			);
			name = ChordSwiper;
			productName = ChordSwiper;
			productReference = A9715C92225F223B00560746 /* ChordSwiper.app */;
			productType = "com.apple.product-type.application";
		};
/* End PBXNativeTarget section */

/* Begin PBXProject section */
		A9715C8A225F223B00560746 /* Project object */ = {
			isa = PBXProject;
			attributes = {
				LastSwiftUpdateCheck = 1010;
				LastUpgradeCheck = 1010;
				ORGANIZATIONNAME = "Jeroen Dunselman";
				TargetAttributes = {
					A9715C91225F223B00560746 = {
						CreatedOnToolsVersion = 10.1;
					};
				};
			};
			buildConfigurationList = A9715C8D225F223B00560746 /* Build configuration list for PBXProject "ChordSwiper" */;
			compatibilityVersion = "Xcode 9.3";
			developmentRegion = en;
			hasScannedForEncodings = 0;
			knownRegions = (
				en,
				Base,
			);
			mainGroup = A9715C89225F223B00560746;
			productRefGroup = A9715C93225F223B00560746 /* Products */;
			projectDirPath = "";
			projectRoot = "";
			targets = (
				A9715C91225F223B00560746 /* ChordSwiper */,
			);
		};
/* End PBXProject section */

/* Begin PBXResourcesBuildPhase section */
		A9715C90225F223B00560746 /* Resources */ = {
			isa = PBXResourcesBuildPhase;
			buildActionMask = 2147483647;
			files = (
				A9715CA0225F224A00560746 /* LaunchScreen.storyboard in Resources */,
				A9715CB5225F245300560746 /* 345px-Chladini2.png in Resources */,
				A9715C9D225F224A00560746 /* Assets.xcassets in Resources */,
				A9715C9B225F223B00560746 /* Main.storyboard in Resources */,
			);
			runOnlyForDeploymentPostprocessing = 0;
		};
/* End PBXResourcesBuildPhase section */

/* Begin PBXSourcesBuildPhase section */
		A9715C8E225F223B00560746 /* Sources */ = {
			isa = PBXSourcesBuildPhase;
			buildActionMask = 2147483647;
			files = (
				A9715CAE225F22E300560746 /* Scales.swift in Sources */,
				A9715CAC225F22D500560746 /* AudioService.swift in Sources */,
				A9715C98225F223B00560746 /* ViewController.swift in Sources */,
				A9715CA8225F22B500560746 /* Fire.swift in Sources */,
				A9715C96225F223B00560746 /* AppDelegate.swift in Sources */,
				A9715CAA225F22C400560746 /* Conductor.swift in Sources */,
			);
			runOnlyForDeploymentPostprocessing = 0;
		};
/* End PBXSourcesBuildPhase section */

/* Begin PBXVariantGroup section */
		A9715C99225F223B00560746 /* Main.storyboard */ = {
			isa = PBXVariantGroup;
			children = (
				A9715C9A225F223B00560746 /* Base */,
			);
			name = Main.storyboard;
			sourceTree = "<group>";
		};
		A9715C9E225F224A00560746 /* LaunchScreen.storyboard */ = {
			isa = PBXVariantGroup;
			children = (
				A9715C9F225F224A00560746 /* Base */,
			);
			name = LaunchScreen.storyboard;
			sourceTree = "<group>";
		};
/* End PBXVariantGroup section */

/* Begin XCBuildConfiguration section */
		A9715CA2225F224A00560746 /* Debug */ = {
			isa = XCBuildConfiguration;
			buildSettings = {
				ALWAYS_SEARCH_USER_PATHS = NO;
				CLANG_ANALYZER_NONNULL = YES;
				CLANG_ANALYZER_NUMBER_OBJECT_CONVERSION = YES_AGGRESSIVE;
				CLANG_CXX_LANGUAGE_STANDARD = "gnu++14";
				CLANG_CXX_LIBRARY = "libc++";
				CLANG_ENABLE_MODULES = YES;
				CLANG_ENABLE_OBJC_ARC = YES;
				CLANG_ENABLE_OBJC_WEAK = YES;
				CLANG_WARN_BLOCK_CAPTURE_AUTORELEASING = YES;
				CLANG_WARN_BOOL_CONVERSION = YES;
				CLANG_WARN_COMMA = YES;
				CLANG_WARN_CONSTANT_CONVERSION = YES;
				CLANG_WARN_DEPRECATED_OBJC_IMPLEMENTATIONS = YES;
				CLANG_WARN_DIRECT_OBJC_ISA_USAGE = YES_ERROR;
				CLANG_WARN_DOCUMENTATION_COMMENTS = YES;
				CLANG_WARN_EMPTY_BODY = YES;
				CLANG_WARN_ENUM_CONVERSION = YES;
				CLANG_WARN_INFINITE_RECURSION = YES;
				CLANG_WARN_INT_CONVERSION = YES;
				CLANG_WARN_NON_LITERAL_NULL_CONVERSION = YES;
				CLANG_WARN_OBJC_IMPLICIT_RETAIN_SELF = YES;
				CLANG_WARN_OBJC_LITERAL_CONVERSION = YES;
				CLANG_WARN_OBJC_ROOT_CLASS = YES_ERROR;
				CLANG_WARN_RANGE_LOOP_ANALYSIS = YES;
				CLANG_WARN_STRICT_PROTOTYPES = YES;
				CLANG_WARN_SUSPICIOUS_MOVE = YES;
				CLANG_WARN_UNGUARDED_AVAILABILITY = YES_AGGRESSIVE;
				CLANG_WARN_UNREACHABLE_CODE = YES;
				CLANG_WARN__DUPLICATE_METHOD_MATCH = YES;
				CODE_SIGN_IDENTITY = "iPhone Developer";
				COPY_PHASE_STRIP = NO;
				DEBUG_INFORMATION_FORMAT = dwarf;
				ENABLE_STRICT_OBJC_MSGSEND = YES;
				ENABLE_TESTABILITY = YES;
				GCC_C_LANGUAGE_STANDARD = gnu11;
				GCC_DYNAMIC_NO_PIC = NO;
				GCC_NO_COMMON_BLOCKS = YES;
				GCC_OPTIMIZATION_LEVEL = 0;
				GCC_PREPROCESSOR_DEFINITIONS = (
					"DEBUG=1",
					"$(inherited)",
				);
				GCC_WARN_64_TO_32_BIT_CONVERSION = YES;
				GCC_WARN_ABOUT_RETURN_TYPE = YES_ERROR;
				GCC_WARN_UNDECLARED_SELECTOR = YES;
				GCC_WARN_UNINITIALIZED_AUTOS = YES_AGGRESSIVE;
				GCC_WARN_UNUSED_FUNCTION = YES;
				GCC_WARN_UNUSED_VARIABLE = YES;
				IPHONEOS_DEPLOYMENT_TARGET = 12.1;
				MTL_ENABLE_DEBUG_INFO = INCLUDE_SOURCE;
				MTL_FAST_MATH = YES;
				ONLY_ACTIVE_ARCH = YES;
				OTHER_LDFLAGS = "-lstdc++";
				SDKROOT = iphoneos;
				SWIFT_ACTIVE_COMPILATION_CONDITIONS = DEBUG;
				SWIFT_OPTIMIZATION_LEVEL = "-Onone";
			};
			name = Debug;
		};
		A9715CA3225F224A00560746 /* Release */ = {
			isa = XCBuildConfiguration;
			buildSettings = {
				ALWAYS_SEARCH_USER_PATHS = NO;
				CLANG_ANALYZER_NONNULL = YES;
				CLANG_ANALYZER_NUMBER_OBJECT_CONVERSION = YES_AGGRESSIVE;
				CLANG_CXX_LANGUAGE_STANDARD = "gnu++14";
				CLANG_CXX_LIBRARY = "libc++";
				CLANG_ENABLE_MODULES = YES;
				CLANG_ENABLE_OBJC_ARC = YES;
				CLANG_ENABLE_OBJC_WEAK = YES;
				CLANG_WARN_BLOCK_CAPTURE_AUTORELEASING = YES;
				CLANG_WARN_BOOL_CONVERSION = YES;
				CLANG_WARN_COMMA = YES;
				CLANG_WARN_CONSTANT_CONVERSION = YES;
				CLANG_WARN_DEPRECATED_OBJC_IMPLEMENTATIONS = YES;
				CLANG_WARN_DIRECT_OBJC_ISA_USAGE = YES_ERROR;
				CLANG_WARN_DOCUMENTATION_COMMENTS = YES;
				CLANG_WARN_EMPTY_BODY = YES;
				CLANG_WARN_ENUM_CONVERSION = YES;
				CLANG_WARN_INFINITE_RECURSION = YES;
				CLANG_WARN_INT_CONVERSION = YES;
				CLANG_WARN_NON_LITERAL_NULL_CONVERSION = YES;
				CLANG_WARN_OBJC_IMPLICIT_RETAIN_SELF = YES;
				CLANG_WARN_OBJC_LITERAL_CONVERSION = YES;
				CLANG_WARN_OBJC_ROOT_CLASS = YES_ERROR;
				CLANG_WARN_RANGE_LOOP_ANALYSIS = YES;
				CLANG_WARN_STRICT_PROTOTYPES = YES;
				CLANG_WARN_SUSPICIOUS_MOVE = YES;
				CLANG_WARN_UNGUARDED_AVAILABILITY = YES_AGGRESSIVE;
				CLANG_WARN_UNREACHABLE_CODE = YES;
				CLANG_WARN__DUPLICATE_METHOD_MATCH = YES;
				CODE_SIGN_IDENTITY = "iPhone Developer";
				COPY_PHASE_STRIP = NO;
				DEBUG_INFORMATION_FORMAT = "dwarf-with-dsym";
				ENABLE_NS_ASSERTIONS = NO;
				ENABLE_STRICT_OBJC_MSGSEND = YES;
				GCC_C_LANGUAGE_STANDARD = gnu11;
				GCC_NO_COMMON_BLOCKS = YES;
				GCC_WARN_64_TO_32_BIT_CONVERSION = YES;
				GCC_WARN_ABOUT_RETURN_TYPE = YES_ERROR;
				GCC_WARN_UNDECLARED_SELECTOR = YES;
				GCC_WARN_UNINITIALIZED_AUTOS = YES_AGGRESSIVE;
				GCC_WARN_UNUSED_FUNCTION = YES;
				GCC_WARN_UNUSED_VARIABLE = YES;
				IPHONEOS_DEPLOYMENT_TARGET = 12.1;
				MTL_ENABLE_DEBUG_INFO = NO;
				MTL_FAST_MATH = YES;
				OTHER_LDFLAGS = "-lstdc++";
				SDKROOT = iphoneos;
				SWIFT_COMPILATION_MODE = wholemodule;
				SWIFT_OPTIMIZATION_LEVEL = "-O";
				VALIDATE_PRODUCT = YES;
			};
			name = Release;
		};
		A9715CA5225F224A00560746 /* Debug */ = {
			isa = XCBuildConfiguration;
			buildSettings = {
				ASSETCATALOG_COMPILER_APPICON_NAME = AppIcon;
				CODE_SIGN_STYLE = Automatic;
				DEVELOPMENT_TEAM = 447M47227T;
				FRAMEWORK_SEARCH_PATHS = (
					"$(inherited)",
					"$(PROJECT_DIR)/ChordSwiper",
				);
				INFOPLIST_FILE = ChordSwiper/Info.plist;
				IPHONEOS_DEPLOYMENT_TARGET = 10.3;
				LD_RUNPATH_SEARCH_PATHS = (
					"$(inherited)",
					"@executable_path/Frameworks",
				);
				PRODUCT_BUNDLE_IDENTIFIER = "-";
				PRODUCT_NAME = "$(TARGET_NAME)";
				SWIFT_VERSION = 4.2;
				TARGETED_DEVICE_FAMILY = "1,2";
			};
			name = Debug;
		};
		A9715CA6225F224A00560746 /* Release */ = {
			isa = XCBuildConfiguration;
			buildSettings = {
				ASSETCATALOG_COMPILER_APPICON_NAME = AppIcon;
				CODE_SIGN_STYLE = Automatic;
				DEVELOPMENT_TEAM = 447M47227T;
				FRAMEWORK_SEARCH_PATHS = (
					"$(inherited)",
					"$(PROJECT_DIR)/ChordSwiper",
				);
				INFOPLIST_FILE = ChordSwiper/Info.plist;
				IPHONEOS_DEPLOYMENT_TARGET = 10.3;
				LD_RUNPATH_SEARCH_PATHS = (
					"$(inherited)",
					"@executable_path/Frameworks",
				);
				PRODUCT_BUNDLE_IDENTIFIER = "-";
				PRODUCT_NAME = "$(TARGET_NAME)";
				SWIFT_VERSION = 4.2;
				TARGETED_DEVICE_FAMILY = "1,2";
			};
			name = Release;
		};
/* End XCBuildConfiguration section */

/* Begin XCConfigurationList section */
		A9715C8D225F223B00560746 /* Build configuration list for PBXProject "ChordSwiper" */ = {
			isa = XCConfigurationList;
			buildConfigurations = (
				A9715CA2225F224A00560746 /* Debug */,
				A9715CA3225F224A00560746 /* Release */,
			);
			defaultConfigurationIsVisible = 0;
			defaultConfigurationName = Release;
		};
		A9715CA4225F224A00560746 /* Build configuration list for PBXNativeTarget "ChordSwiper" */ = {
			isa = XCConfigurationList;
			buildConfigurations = (
				A9715CA5225F224A00560746 /* Debug */,
				A9715CA6225F224A00560746 /* Release */,
			);
			defaultConfigurationIsVisible = 0;
			defaultConfigurationName = Release;
		};
/* End XCConfigurationList section */
	};
	rootObject = A9715C8A225F223B00560746 /* Project object */;
}
